// !$*UTF8*$!
{
	archiveVersion = 1;
	classes = {
	};
	objectVersion = 55;
	objects = {

/* Begin PBXBuildFile section */
		371B0091292954FB00B5B275 /* RealmSwift in Frameworks */ = {isa = PBXBuildFile; productRef = 371B0090292954FB00B5B275 /* RealmSwift */; };
		371B00932929574900B5B275 /* UserModel.swift in Sources */ = {isa = PBXBuildFile; fileRef = 371B00922929574900B5B275 /* UserModel.swift */; };
		371B00952929617600B5B275 /* RealmService.swift in Sources */ = {isa = PBXBuildFile; fileRef = 371B00942929617600B5B275 /* RealmService.swift */; };
		37625E8728D979500016FA3F /* User.swift in Sources */ = {isa = PBXBuildFile; fileRef = 37625E8628D979500016FA3F /* User.swift */; };
		37625E8928D97B6D0016FA3F /* listOfUsers.swift in Sources */ = {isa = PBXBuildFile; fileRef = 37625E8828D97B6D0016FA3F /* listOfUsers.swift */; };
		37625E8B28DC1EAB0016FA3F /* Checker.swift in Sources */ = {isa = PBXBuildFile; fileRef = 37625E8A28DC1EAB0016FA3F /* Checker.swift */; };
		37625E8D28DC20C30016FA3F /* AppFactory.swift in Sources */ = {isa = PBXBuildFile; fileRef = 37625E8C28DC20C30016FA3F /* AppFactory.swift */; };
		377B6B5A287896010008586B /* AppDelegate.swift in Sources */ = {isa = PBXBuildFile; fileRef = 377B6B59287896010008586B /* AppDelegate.swift */; };
		377B6B5C287896010008586B /* SceneDelegate.swift in Sources */ = {isa = PBXBuildFile; fileRef = 377B6B5B287896010008586B /* SceneDelegate.swift */; };
		377B6B63287896020008586B /* Assets.xcassets in Resources */ = {isa = PBXBuildFile; fileRef = 377B6B62287896020008586B /* Assets.xcassets */; };
		377B6B66287896020008586B /* LaunchScreen.storyboard in Resources */ = {isa = PBXBuildFile; fileRef = 377B6B64287896020008586B /* LaunchScreen.storyboard */; };
		377B6B6E28789A9A0008586B /* FeedViewController.swift in Sources */ = {isa = PBXBuildFile; fileRef = 377B6B6D28789A9A0008586B /* FeedViewController.swift */; };
		377B6B7028789AB20008586B /* ProfileViewController.swift in Sources */ = {isa = PBXBuildFile; fileRef = 377B6B6F28789AB20008586B /* ProfileViewController.swift */; };
		377B6B732878A0280008586B /* PostViewController.swift in Sources */ = {isa = PBXBuildFile; fileRef = 377B6B722878A0280008586B /* PostViewController.swift */; };
		377B6B762878A0530008586B /* Post.swift in Sources */ = {isa = PBXBuildFile; fileRef = 377B6B752878A0530008586B /* Post.swift */; };
		377B6B792878A1240008586B /* ButtonFeed.swift in Sources */ = {isa = PBXBuildFile; fileRef = 377B6B782878A1240008586B /* ButtonFeed.swift */; };
		377B6B7B2878C42E0008586B /* InfoViewController.swift in Sources */ = {isa = PBXBuildFile; fileRef = 377B6B7A2878C42E0008586B /* InfoViewController.swift */; };
		377B6B7D2878C48A0008586B /* ButtonAlert.swift in Sources */ = {isa = PBXBuildFile; fileRef = 377B6B7C2878C48A0008586B /* ButtonAlert.swift */; };
		3785A87A28966249004C31EA /* PostTableViewCell.swift in Sources */ = {isa = PBXBuildFile; fileRef = 3785A87928966249004C31EA /* PostTableViewCell.swift */; };
		37A55DB428E9EC72009AF284 /* Alert.swift in Sources */ = {isa = PBXBuildFile; fileRef = 37A55DB328E9EC72009AF284 /* Alert.swift */; };
		37A55DB728E9F860009AF284 /* AppCoordinator.swift in Sources */ = {isa = PBXBuildFile; fileRef = 37A55DB628E9F860009AF284 /* AppCoordinator.swift */; };
		37A55DB928E9F8C0009AF284 /* Coordinatable.swift in Sources */ = {isa = PBXBuildFile; fileRef = 37A55DB828E9F8C0009AF284 /* Coordinatable.swift */; };
		37A55DBC28E9FB43009AF284 /* Modules.swift in Sources */ = {isa = PBXBuildFile; fileRef = 37A55DBB28E9FB43009AF284 /* Modules.swift */; };
		37A55DBE28EA002E009AF284 /* FeedCoordinator.swift in Sources */ = {isa = PBXBuildFile; fileRef = 37A55DBD28EA002E009AF284 /* FeedCoordinator.swift */; };
		37A55DC028EA0040009AF284 /* LoginCoordinator.swift in Sources */ = {isa = PBXBuildFile; fileRef = 37A55DBF28EA0040009AF284 /* LoginCoordinator.swift */; };
		37A55DC328EA0308009AF284 /* AppTabBarCoordinator.swift in Sources */ = {isa = PBXBuildFile; fileRef = 37A55DC228EA0308009AF284 /* AppTabBarCoordinator.swift */; };
		37A55DC528EA1E71009AF284 /* FeedModel.swift in Sources */ = {isa = PBXBuildFile; fileRef = 37A55DC428EA1E71009AF284 /* FeedModel.swift */; };
		37A55DC728EA20F1009AF284 /* LoginModel.swift in Sources */ = {isa = PBXBuildFile; fileRef = 37A55DC628EA20F1009AF284 /* LoginModel.swift */; };
		37A5F65F287DFA8100317703 /* ProfileHeaderView.swift in Sources */ = {isa = PBXBuildFile; fileRef = 37A5F65E287DFA8100317703 /* ProfileHeaderView.swift */; };
		37BD6DEA2893DBE700A4D09B /* LogInViewController.swift in Sources */ = {isa = PBXBuildFile; fileRef = 37BD6DE92893DBE700A4D09B /* LogInViewController.swift */; };
		37D5020428D18F0300EF5622 /* StorageService.h in Headers */ = {isa = PBXBuildFile; fileRef = 37D5020328D18F0300EF5622 /* StorageService.h */; settings = {ATTRIBUTES = (Public, ); }; };
		37D5020728D18F0300EF5622 /* StorageService.framework in Frameworks */ = {isa = PBXBuildFile; fileRef = 37D5020128D18F0300EF5622 /* StorageService.framework */; settings = {ATTRIBUTES = (Weak, ); }; };
		37D5020828D18F0300EF5622 /* StorageService.framework in Embed Frameworks */ = {isa = PBXBuildFile; fileRef = 37D5020128D18F0300EF5622 /* StorageService.framework */; settings = {ATTRIBUTES = (CodeSignOnCopy, RemoveHeadersOnCopy, ); }; };
		37D5020D28D18F2400EF5622 /* NewPost.swift in Sources */ = {isa = PBXBuildFile; fileRef = 37D5020C28D18F2400EF5622 /* NewPost.swift */; };
		37DC3C0B28E0D7F700366CC5 /* iOSIntPackage in Frameworks */ = {isa = PBXBuildFile; productRef = 37DC3C0A28E0D7F700366CC5 /* iOSIntPackage */; };
		37DC3C1028E4B44000366CC5 /* CustomButton.swift in Sources */ = {isa = PBXBuildFile; fileRef = 37DC3C0F28E4B44000366CC5 /* CustomButton.swift */; };
		37DEB20D289AAAA800D50CF6 /* PhotosTableViewCell.swift in Sources */ = {isa = PBXBuildFile; fileRef = 37DEB20C289AAAA800D50CF6 /* PhotosTableViewCell.swift */; };
		37DEB20F289AB3E700D50CF6 /* myCollectionCell.swift in Sources */ = {isa = PBXBuildFile; fileRef = 37DEB20E289AB3E700D50CF6 /* myCollectionCell.swift */; };
		37DEB215289BD8CD00D50CF6 /* PhotosViewController.swift in Sources */ = {isa = PBXBuildFile; fileRef = 37DEB214289BD8CD00D50CF6 /* PhotosViewController.swift */; };
		37DEB217289E741700D50CF6 /* PhotosCollectionViewCell.swift in Sources */ = {isa = PBXBuildFile; fileRef = 37DEB216289E741700D50CF6 /* PhotosCollectionViewCell.swift */; };
		37E49FBC28A114FB00D5789F /* AvatarView.swift in Sources */ = {isa = PBXBuildFile; fileRef = 37E49FBB28A114FB00D5789F /* AvatarView.swift */; };
		37F8680B291E85B500CEEECA /* GoogleService-Info.plist in Resources */ = {isa = PBXBuildFile; fileRef = 37F8680A291E85B500CEEECA /* GoogleService-Info.plist */; };
		37F8680C291E85B500CEEECA /* GoogleService-Info.plist in Resources */ = {isa = PBXBuildFile; fileRef = 37F8680A291E85B500CEEECA /* GoogleService-Info.plist */; };
		37F8684E291EFD5F00CEEECA /* CheckerService.swift in Sources */ = {isa = PBXBuildFile; fileRef = 37F8684D291EFD5F00CEEECA /* CheckerService.swift */; };
		37F86858291F05CA00CEEECA /* FirebaseAuth in Frameworks */ = {isa = PBXBuildFile; productRef = 37F86857291F05CA00CEEECA /* FirebaseAuth */; };
		37F8685A291F05CA00CEEECA /* FirebaseDatabase in Frameworks */ = {isa = PBXBuildFile; productRef = 37F86859291F05CA00CEEECA /* FirebaseDatabase */; };
/* End PBXBuildFile section */

/* Begin PBXContainerItemProxy section */
		37D5020528D18F0300EF5622 /* PBXContainerItemProxy */ = {
			isa = PBXContainerItemProxy;
			containerPortal = 377B6B4E287896010008586B /* Project object */;
			proxyType = 1;
			remoteGlobalIDString = 37D5020028D18F0300EF5622;
			remoteInfo = StorageService;
		};
/* End PBXContainerItemProxy section */

/* Begin PBXCopyFilesBuildPhase section */
		37D501F528D18ECB00EF5622 /* Embed Frameworks */ = {
			isa = PBXCopyFilesBuildPhase;
			buildActionMask = 2147483647;
			dstPath = "";
			dstSubfolderSpec = 10;
			files = (
				37D5020828D18F0300EF5622 /* StorageService.framework in Embed Frameworks */,
			);
			name = "Embed Frameworks";
			runOnlyForDeploymentPostprocessing = 0;
		};
/* End PBXCopyFilesBuildPhase section */

/* Begin PBXFileReference section */
		371B00922929574900B5B275 /* UserModel.swift */ = {isa = PBXFileReference; lastKnownFileType = sourcecode.swift; path = UserModel.swift; sourceTree = "<group>"; };
		371B00942929617600B5B275 /* RealmService.swift */ = {isa = PBXFileReference; lastKnownFileType = sourcecode.swift; path = RealmService.swift; sourceTree = "<group>"; };
		37625E8628D979500016FA3F /* User.swift */ = {isa = PBXFileReference; lastKnownFileType = sourcecode.swift; path = User.swift; sourceTree = "<group>"; };
		37625E8828D97B6D0016FA3F /* listOfUsers.swift */ = {isa = PBXFileReference; lastKnownFileType = sourcecode.swift; path = listOfUsers.swift; sourceTree = "<group>"; };
		37625E8A28DC1EAB0016FA3F /* Checker.swift */ = {isa = PBXFileReference; lastKnownFileType = sourcecode.swift; path = Checker.swift; sourceTree = "<group>"; };
		37625E8C28DC20C30016FA3F /* AppFactory.swift */ = {isa = PBXFileReference; lastKnownFileType = sourcecode.swift; path = AppFactory.swift; sourceTree = "<group>"; };
		377B6B56287896010008586B /* Navigation_HW_1.3.app */ = {isa = PBXFileReference; explicitFileType = wrapper.application; includeInIndex = 0; path = Navigation_HW_1.3.app; sourceTree = BUILT_PRODUCTS_DIR; };
		377B6B59287896010008586B /* AppDelegate.swift */ = {isa = PBXFileReference; lastKnownFileType = sourcecode.swift; path = AppDelegate.swift; sourceTree = "<group>"; };
		377B6B5B287896010008586B /* SceneDelegate.swift */ = {isa = PBXFileReference; lastKnownFileType = sourcecode.swift; path = SceneDelegate.swift; sourceTree = "<group>"; };
		377B6B62287896020008586B /* Assets.xcassets */ = {isa = PBXFileReference; lastKnownFileType = folder.assetcatalog; path = Assets.xcassets; sourceTree = "<group>"; };
		377B6B65287896020008586B /* Base */ = {isa = PBXFileReference; lastKnownFileType = file.storyboard; name = Base; path = Base.lproj/LaunchScreen.storyboard; sourceTree = "<group>"; };
		377B6B67287896020008586B /* Info.plist */ = {isa = PBXFileReference; lastKnownFileType = text.plist.xml; path = Info.plist; sourceTree = "<group>"; };
		377B6B6D28789A9A0008586B /* FeedViewController.swift */ = {isa = PBXFileReference; lastKnownFileType = sourcecode.swift; path = FeedViewController.swift; sourceTree = "<group>"; };
		377B6B6F28789AB20008586B /* ProfileViewController.swift */ = {isa = PBXFileReference; lastKnownFileType = sourcecode.swift; path = ProfileViewController.swift; sourceTree = "<group>"; };
		377B6B722878A0280008586B /* PostViewController.swift */ = {isa = PBXFileReference; lastKnownFileType = sourcecode.swift; path = PostViewController.swift; sourceTree = "<group>"; };
		377B6B752878A0530008586B /* Post.swift */ = {isa = PBXFileReference; lastKnownFileType = sourcecode.swift; path = Post.swift; sourceTree = "<group>"; };
		377B6B782878A1240008586B /* ButtonFeed.swift */ = {isa = PBXFileReference; lastKnownFileType = sourcecode.swift; path = ButtonFeed.swift; sourceTree = "<group>"; };
		377B6B7A2878C42E0008586B /* InfoViewController.swift */ = {isa = PBXFileReference; lastKnownFileType = sourcecode.swift; path = InfoViewController.swift; sourceTree = "<group>"; };
		377B6B7C2878C48A0008586B /* ButtonAlert.swift */ = {isa = PBXFileReference; lastKnownFileType = sourcecode.swift; path = ButtonAlert.swift; sourceTree = "<group>"; };
		3785A87928966249004C31EA /* PostTableViewCell.swift */ = {isa = PBXFileReference; lastKnownFileType = sourcecode.swift; path = PostTableViewCell.swift; sourceTree = "<group>"; };
		37A55DB328E9EC72009AF284 /* Alert.swift */ = {isa = PBXFileReference; lastKnownFileType = sourcecode.swift; path = Alert.swift; sourceTree = "<group>"; };
		37A55DB628E9F860009AF284 /* AppCoordinator.swift */ = {isa = PBXFileReference; lastKnownFileType = sourcecode.swift; path = AppCoordinator.swift; sourceTree = "<group>"; };
		37A55DB828E9F8C0009AF284 /* Coordinatable.swift */ = {isa = PBXFileReference; lastKnownFileType = sourcecode.swift; path = Coordinatable.swift; sourceTree = "<group>"; };
		37A55DBB28E9FB43009AF284 /* Modules.swift */ = {isa = PBXFileReference; lastKnownFileType = sourcecode.swift; path = Modules.swift; sourceTree = "<group>"; };
		37A55DBD28EA002E009AF284 /* FeedCoordinator.swift */ = {isa = PBXFileReference; lastKnownFileType = sourcecode.swift; path = FeedCoordinator.swift; sourceTree = "<group>"; };
		37A55DBF28EA0040009AF284 /* LoginCoordinator.swift */ = {isa = PBXFileReference; lastKnownFileType = sourcecode.swift; path = LoginCoordinator.swift; sourceTree = "<group>"; };
		37A55DC228EA0308009AF284 /* AppTabBarCoordinator.swift */ = {isa = PBXFileReference; lastKnownFileType = sourcecode.swift; path = AppTabBarCoordinator.swift; sourceTree = "<group>"; };
		37A55DC428EA1E71009AF284 /* FeedModel.swift */ = {isa = PBXFileReference; lastKnownFileType = sourcecode.swift; path = FeedModel.swift; sourceTree = "<group>"; };
		37A55DC628EA20F1009AF284 /* LoginModel.swift */ = {isa = PBXFileReference; lastKnownFileType = sourcecode.swift; path = LoginModel.swift; sourceTree = "<group>"; };
		37A5F65E287DFA8100317703 /* ProfileHeaderView.swift */ = {isa = PBXFileReference; lastKnownFileType = sourcecode.swift; path = ProfileHeaderView.swift; sourceTree = "<group>"; };
		37BD6DE92893DBE700A4D09B /* LogInViewController.swift */ = {isa = PBXFileReference; lastKnownFileType = sourcecode.swift; path = LogInViewController.swift; sourceTree = "<group>"; };
		37D5020128D18F0300EF5622 /* StorageService.framework */ = {isa = PBXFileReference; explicitFileType = wrapper.framework; includeInIndex = 0; path = StorageService.framework; sourceTree = BUILT_PRODUCTS_DIR; };
		37D5020328D18F0300EF5622 /* StorageService.h */ = {isa = PBXFileReference; lastKnownFileType = sourcecode.c.h; path = StorageService.h; sourceTree = "<group>"; };
		37D5020C28D18F2400EF5622 /* NewPost.swift */ = {isa = PBXFileReference; lastKnownFileType = sourcecode.swift; path = NewPost.swift; sourceTree = "<group>"; };
		37DC3C0F28E4B44000366CC5 /* CustomButton.swift */ = {isa = PBXFileReference; lastKnownFileType = sourcecode.swift; path = CustomButton.swift; sourceTree = "<group>"; };
		37DEB20C289AAAA800D50CF6 /* PhotosTableViewCell.swift */ = {isa = PBXFileReference; lastKnownFileType = sourcecode.swift; path = PhotosTableViewCell.swift; sourceTree = "<group>"; };
		37DEB20E289AB3E700D50CF6 /* myCollectionCell.swift */ = {isa = PBXFileReference; lastKnownFileType = sourcecode.swift; path = myCollectionCell.swift; sourceTree = "<group>"; };
		37DEB214289BD8CD00D50CF6 /* PhotosViewController.swift */ = {isa = PBXFileReference; lastKnownFileType = sourcecode.swift; path = PhotosViewController.swift; sourceTree = "<group>"; };
		37DEB216289E741700D50CF6 /* PhotosCollectionViewCell.swift */ = {isa = PBXFileReference; lastKnownFileType = sourcecode.swift; path = PhotosCollectionViewCell.swift; sourceTree = "<group>"; };
		37E49FBB28A114FB00D5789F /* AvatarView.swift */ = {isa = PBXFileReference; lastKnownFileType = sourcecode.swift; path = AvatarView.swift; sourceTree = "<group>"; };
		37F8680A291E85B500CEEECA /* GoogleService-Info.plist */ = {isa = PBXFileReference; fileEncoding = 4; lastKnownFileType = text.plist.xml; path = "GoogleService-Info.plist"; sourceTree = "<group>"; };
		37F8684D291EFD5F00CEEECA /* CheckerService.swift */ = {isa = PBXFileReference; lastKnownFileType = sourcecode.swift; path = CheckerService.swift; sourceTree = "<group>"; };
/* End PBXFileReference section */

/* Begin PBXFrameworksBuildPhase section */
		377B6B53287896010008586B /* Frameworks */ = {
			isa = PBXFrameworksBuildPhase;
			buildActionMask = 2147483647;
			files = (
				37D5020728D18F0300EF5622 /* StorageService.framework in Frameworks */,
				37F86858291F05CA00CEEECA /* FirebaseAuth in Frameworks */,
				37F8685A291F05CA00CEEECA /* FirebaseDatabase in Frameworks */,
				371B0091292954FB00B5B275 /* RealmSwift in Frameworks */,
				37DC3C0B28E0D7F700366CC5 /* iOSIntPackage in Frameworks */,
			);
			runOnlyForDeploymentPostprocessing = 0;
		};
		37D501FE28D18F0300EF5622 /* Frameworks */ = {
			isa = PBXFrameworksBuildPhase;
			buildActionMask = 2147483647;
			files = (
			);
			runOnlyForDeploymentPostprocessing = 0;
		};
/* End PBXFrameworksBuildPhase section */

/* Begin PBXGroup section */
		377B6B4D287896010008586B = {
			isa = PBXGroup;
			children = (
				377B6B58287896010008586B /* Navigation_HW_1.3 */,
				37D5020228D18F0300EF5622 /* StorageService */,
				37F8680A291E85B500CEEECA /* GoogleService-Info.plist */,
				377B6B57287896010008586B /* Products */,
				37F8685B291F086D00CEEECA /* Frameworks */,
			);
			sourceTree = "<group>";
		};
		377B6B57287896010008586B /* Products */ = {
			isa = PBXGroup;
			children = (
				377B6B56287896010008586B /* Navigation_HW_1.3.app */,
				37D5020128D18F0300EF5622 /* StorageService.framework */,
			);
			name = Products;
			sourceTree = "<group>";
		};
		377B6B58287896010008586B /* Navigation_HW_1.3 */ = {
			isa = PBXGroup;
			children = (
				37A55DB528E9F847009AF284 /* Coordinators */,
				377B6B742878A03F0008586B /* Models */,
				37A55DBA28E9FAE3009AF284 /* Modules */,
				37A55DC128EA02ED009AF284 /* AppTabBar */,
				377B6B59287896010008586B /* AppDelegate.swift */,
				377B6B5B287896010008586B /* SceneDelegate.swift */,
				377B6B62287896020008586B /* Assets.xcassets */,
				377B6B64287896020008586B /* LaunchScreen.storyboard */,
				377B6B67287896020008586B /* Info.plist */,
			);
			path = Navigation_HW_1.3;
			sourceTree = "<group>";
		};
		377B6B7128789ABF0008586B /* Feed */ = {
			isa = PBXGroup;
			children = (
				377B6B6D28789A9A0008586B /* FeedViewController.swift */,
				377B6B722878A0280008586B /* PostViewController.swift */,
				377B6B7A2878C42E0008586B /* InfoViewController.swift */,
				37A55DC428EA1E71009AF284 /* FeedModel.swift */,
			);
			path = Feed;
			sourceTree = "<group>";
		};
		377B6B742878A03F0008586B /* Models */ = {
			isa = PBXGroup;
			children = (
				377B6B752878A0530008586B /* Post.swift */,
				37625E8628D979500016FA3F /* User.swift */,
				37625E8828D97B6D0016FA3F /* listOfUsers.swift */,
				37625E8A28DC1EAB0016FA3F /* Checker.swift */,
				37A55DB328E9EC72009AF284 /* Alert.swift */,
				37F8684D291EFD5F00CEEECA /* CheckerService.swift */,
				371B00922929574900B5B275 /* UserModel.swift */,
				371B00942929617600B5B275 /* RealmService.swift */,
			);
			path = Models;
			sourceTree = "<group>";
		};
		377B6B772878A0F70008586B /* UIElement */ = {
			isa = PBXGroup;
			children = (
				377B6B782878A1240008586B /* ButtonFeed.swift */,
				377B6B7C2878C48A0008586B /* ButtonAlert.swift */,
				3785A87928966249004C31EA /* PostTableViewCell.swift */,
				37DEB20C289AAAA800D50CF6 /* PhotosTableViewCell.swift */,
				37DEB20E289AB3E700D50CF6 /* myCollectionCell.swift */,
				37DEB216289E741700D50CF6 /* PhotosCollectionViewCell.swift */,
				37E49FBB28A114FB00D5789F /* AvatarView.swift */,
				37DC3C0F28E4B44000366CC5 /* CustomButton.swift */,
			);
			path = UIElement;
			sourceTree = "<group>";
		};
		37A55DB528E9F847009AF284 /* Coordinators */ = {
			isa = PBXGroup;
			children = (
				37A55DB628E9F860009AF284 /* AppCoordinator.swift */,
				37A55DBD28EA002E009AF284 /* FeedCoordinator.swift */,
				37A55DBF28EA0040009AF284 /* LoginCoordinator.swift */,
				37A55DB828E9F8C0009AF284 /* Coordinatable.swift */,
			);
			path = Coordinators;
			sourceTree = "<group>";
		};
		37A55DBA28E9FAE3009AF284 /* Modules */ = {
			isa = PBXGroup;
			children = (
				37A5F65D287DFA5100317703 /* Profile */,
				377B6B772878A0F70008586B /* UIElement */,
				377B6B7128789ABF0008586B /* Feed */,
				37A55DBB28E9FB43009AF284 /* Modules.swift */,
				37625E8C28DC20C30016FA3F /* AppFactory.swift */,
			);
			path = Modules;
			sourceTree = "<group>";
		};
		37A55DC128EA02ED009AF284 /* AppTabBar */ = {
			isa = PBXGroup;
			children = (
				37A55DC228EA0308009AF284 /* AppTabBarCoordinator.swift */,
			);
			path = AppTabBar;
			sourceTree = "<group>";
		};
		37A5F65D287DFA5100317703 /* Profile */ = {
			isa = PBXGroup;
			children = (
				37A5F65E287DFA8100317703 /* ProfileHeaderView.swift */,
				37BD6DE92893DBE700A4D09B /* LogInViewController.swift */,
				377B6B6F28789AB20008586B /* ProfileViewController.swift */,
				37DEB214289BD8CD00D50CF6 /* PhotosViewController.swift */,
				37A55DC628EA20F1009AF284 /* LoginModel.swift */,
			);
			path = Profile;
			sourceTree = "<group>";
		};
		37D5020228D18F0300EF5622 /* StorageService */ = {
			isa = PBXGroup;
			children = (
				37D5020328D18F0300EF5622 /* StorageService.h */,
				37D5020C28D18F2400EF5622 /* NewPost.swift */,
			);
			path = StorageService;
			sourceTree = "<group>";
		};
		37F8685B291F086D00CEEECA /* Frameworks */ = {
			isa = PBXGroup;
			children = (
			);
			name = Frameworks;
			sourceTree = "<group>";
		};
/* End PBXGroup section */

/* Begin PBXHeadersBuildPhase section */
		37D501FC28D18F0300EF5622 /* Headers */ = {
			isa = PBXHeadersBuildPhase;
			buildActionMask = 2147483647;
			files = (
				37D5020428D18F0300EF5622 /* StorageService.h in Headers */,
			);
			runOnlyForDeploymentPostprocessing = 0;
		};
/* End PBXHeadersBuildPhase section */

/* Begin PBXNativeTarget section */
		377B6B55287896010008586B /* Navigation_HW_1.3 */ = {
			isa = PBXNativeTarget;
			buildConfigurationList = 377B6B6A287896020008586B /* Build configuration list for PBXNativeTarget "Navigation_HW_1.3" */;
			buildPhases = (
				377B6B52287896010008586B /* Sources */,
				377B6B53287896010008586B /* Frameworks */,
				377B6B54287896010008586B /* Resources */,
				37D501F528D18ECB00EF5622 /* Embed Frameworks */,
			);
			buildRules = (
			);
			dependencies = (
				37D5020628D18F0300EF5622 /* PBXTargetDependency */,
			);
			name = Navigation_HW_1.3;
			packageProductDependencies = (
				37DC3C0A28E0D7F700366CC5 /* iOSIntPackage */,
				37F86857291F05CA00CEEECA /* FirebaseAuth */,
				37F86859291F05CA00CEEECA /* FirebaseDatabase */,
				371B0090292954FB00B5B275 /* RealmSwift */,
			);
			productName = Navigation_HW_1.3;
			productReference = 377B6B56287896010008586B /* Navigation_HW_1.3.app */;
			productType = "com.apple.product-type.application";
		};
		37D5020028D18F0300EF5622 /* StorageService */ = {
			isa = PBXNativeTarget;
			buildConfigurationList = 37D5020928D18F0300EF5622 /* Build configuration list for PBXNativeTarget "StorageService" */;
			buildPhases = (
				37D501FC28D18F0300EF5622 /* Headers */,
				37D501FD28D18F0300EF5622 /* Sources */,
				37D501FE28D18F0300EF5622 /* Frameworks */,
				37D501FF28D18F0300EF5622 /* Resources */,
			);
			buildRules = (
			);
			dependencies = (
			);
			name = StorageService;
			packageProductDependencies = (
			);
			productName = StorageService;
			productReference = 37D5020128D18F0300EF5622 /* StorageService.framework */;
			productType = "com.apple.product-type.framework";
		};
/* End PBXNativeTarget section */

/* Begin PBXProject section */
		377B6B4E287896010008586B /* Project object */ = {
			isa = PBXProject;
			attributes = {
				BuildIndependentTargetsInParallel = 1;
				LastSwiftUpdateCheck = 1320;
				LastUpgradeCheck = 1320;
				TargetAttributes = {
					377B6B55287896010008586B = {
						CreatedOnToolsVersion = 13.2.1;
					};
					37D5020028D18F0300EF5622 = {
						CreatedOnToolsVersion = 13.2.1;
						LastSwiftMigration = 1320;
					};
				};
			};
			buildConfigurationList = 377B6B51287896010008586B /* Build configuration list for PBXProject "Navigation_HW_1.3" */;
			compatibilityVersion = "Xcode 13.0";
			developmentRegion = en;
			hasScannedForEncodings = 0;
			knownRegions = (
				en,
				Base,
			);
			mainGroup = 377B6B4D287896010008586B;
			packageReferences = (
				37DC3C0928E0D7F700366CC5 /* XCRemoteSwiftPackageReference "iOSIntPackage" */,
				37F86856291F05CA00CEEECA /* XCRemoteSwiftPackageReference "firebase-ios-sdk" */,
				371B008F292954FB00B5B275 /* XCRemoteSwiftPackageReference "realm-swift" */,
			);
			productRefGroup = 377B6B57287896010008586B /* Products */;
			projectDirPath = "";
			projectRoot = "";
			targets = (
				377B6B55287896010008586B /* Navigation_HW_1.3 */,
				37D5020028D18F0300EF5622 /* StorageService */,
			);
		};
/* End PBXProject section */

/* Begin PBXResourcesBuildPhase section */
		377B6B54287896010008586B /* Resources */ = {
			isa = PBXResourcesBuildPhase;
			buildActionMask = 2147483647;
			files = (
				377B6B66287896020008586B /* LaunchScreen.storyboard in Resources */,
				377B6B63287896020008586B /* Assets.xcassets in Resources */,
				37F8680B291E85B500CEEECA /* GoogleService-Info.plist in Resources */,
			);
			runOnlyForDeploymentPostprocessing = 0;
		};
		37D501FF28D18F0300EF5622 /* Resources */ = {
			isa = PBXResourcesBuildPhase;
			buildActionMask = 2147483647;
			files = (
				37F8680C291E85B500CEEECA /* GoogleService-Info.plist in Resources */,
			);
			runOnlyForDeploymentPostprocessing = 0;
		};
/* End PBXResourcesBuildPhase section */

/* Begin PBXSourcesBuildPhase section */
		377B6B52287896010008586B /* Sources */ = {
			isa = PBXSourcesBuildPhase;
			buildActionMask = 2147483647;
			files = (
				37625E8D28DC20C30016FA3F /* AppFactory.swift in Sources */,
				371B00952929617600B5B275 /* RealmService.swift in Sources */,
				37A55DBC28E9FB43009AF284 /* Modules.swift in Sources */,
				377B6B7D2878C48A0008586B /* ButtonAlert.swift in Sources */,
				37A55DB728E9F860009AF284 /* AppCoordinator.swift in Sources */,
				37625E8928D97B6D0016FA3F /* listOfUsers.swift in Sources */,
				377B6B5A287896010008586B /* AppDelegate.swift in Sources */,
				37A55DC528EA1E71009AF284 /* FeedModel.swift in Sources */,
				3785A87A28966249004C31EA /* PostTableViewCell.swift in Sources */,
				37A55DC028EA0040009AF284 /* LoginCoordinator.swift in Sources */,
				37A55DB928E9F8C0009AF284 /* Coordinatable.swift in Sources */,
				371B00932929574900B5B275 /* UserModel.swift in Sources */,
				37A55DB428E9EC72009AF284 /* Alert.swift in Sources */,
				37DEB20F289AB3E700D50CF6 /* myCollectionCell.swift in Sources */,
				37BD6DEA2893DBE700A4D09B /* LogInViewController.swift in Sources */,
				377B6B792878A1240008586B /* ButtonFeed.swift in Sources */,
				37A55DC728EA20F1009AF284 /* LoginModel.swift in Sources */,
				377B6B6E28789A9A0008586B /* FeedViewController.swift in Sources */,
				377B6B7028789AB20008586B /* ProfileViewController.swift in Sources */,
				37DEB215289BD8CD00D50CF6 /* PhotosViewController.swift in Sources */,
				37DEB217289E741700D50CF6 /* PhotosCollectionViewCell.swift in Sources */,
				37E49FBC28A114FB00D5789F /* AvatarView.swift in Sources */,
				37DEB20D289AAAA800D50CF6 /* PhotosTableViewCell.swift in Sources */,
				37F8684E291EFD5F00CEEECA /* CheckerService.swift in Sources */,
				377B6B762878A0530008586B /* Post.swift in Sources */,
				37625E8B28DC1EAB0016FA3F /* Checker.swift in Sources */,
				377B6B5C287896010008586B /* SceneDelegate.swift in Sources */,
				37625E8728D979500016FA3F /* User.swift in Sources */,
				37DC3C1028E4B44000366CC5 /* CustomButton.swift in Sources */,
				37A55DBE28EA002E009AF284 /* FeedCoordinator.swift in Sources */,
				37A5F65F287DFA8100317703 /* ProfileHeaderView.swift in Sources */,
				377B6B7B2878C42E0008586B /* InfoViewController.swift in Sources */,
				37A55DC328EA0308009AF284 /* AppTabBarCoordinator.swift in Sources */,
				377B6B732878A0280008586B /* PostViewController.swift in Sources */,
			);
			runOnlyForDeploymentPostprocessing = 0;
		};
		37D501FD28D18F0300EF5622 /* Sources */ = {
			isa = PBXSourcesBuildPhase;
			buildActionMask = 2147483647;
			files = (
				37D5020D28D18F2400EF5622 /* NewPost.swift in Sources */,
			);
			runOnlyForDeploymentPostprocessing = 0;
		};
/* End PBXSourcesBuildPhase section */

/* Begin PBXTargetDependency section */
		37D5020628D18F0300EF5622 /* PBXTargetDependency */ = {
			isa = PBXTargetDependency;
			target = 37D5020028D18F0300EF5622 /* StorageService */;
			targetProxy = 37D5020528D18F0300EF5622 /* PBXContainerItemProxy */;
		};
/* End PBXTargetDependency section */

/* Begin PBXVariantGroup section */
		377B6B64287896020008586B /* LaunchScreen.storyboard */ = {
			isa = PBXVariantGroup;
			children = (
				377B6B65287896020008586B /* Base */,
			);
			name = LaunchScreen.storyboard;
			sourceTree = "<group>";
		};
/* End PBXVariantGroup section */

/* Begin XCBuildConfiguration section */
		377B6B68287896020008586B /* Debug */ = {
			isa = XCBuildConfiguration;
			buildSettings = {
				ALWAYS_SEARCH_USER_PATHS = NO;
				CLANG_ANALYZER_NONNULL = YES;
				CLANG_ANALYZER_NUMBER_OBJECT_CONVERSION = YES_AGGRESSIVE;
				CLANG_CXX_LANGUAGE_STANDARD = "gnu++17";
				CLANG_CXX_LIBRARY = "libc++";
				CLANG_ENABLE_MODULES = YES;
				CLANG_ENABLE_OBJC_ARC = YES;
				CLANG_ENABLE_OBJC_WEAK = YES;
				CLANG_WARN_BLOCK_CAPTURE_AUTORELEASING = YES;
				CLANG_WARN_BOOL_CONVERSION = YES;
				CLANG_WARN_COMMA = YES;
				CLANG_WARN_CONSTANT_CONVERSION = YES;
				CLANG_WARN_DEPRECATED_OBJC_IMPLEMENTATIONS = YES;
				CLANG_WARN_DIRECT_OBJC_ISA_USAGE = YES_ERROR;
				CLANG_WARN_DOCUMENTATION_COMMENTS = YES;
				CLANG_WARN_EMPTY_BODY = YES;
				CLANG_WARN_ENUM_CONVERSION = YES;
				CLANG_WARN_INFINITE_RECURSION = YES;
				CLANG_WARN_INT_CONVERSION = YES;
				CLANG_WARN_NON_LITERAL_NULL_CONVERSION = YES;
				CLANG_WARN_OBJC_IMPLICIT_RETAIN_SELF = YES;
				CLANG_WARN_OBJC_LITERAL_CONVERSION = YES;
				CLANG_WARN_OBJC_ROOT_CLASS = YES_ERROR;
				CLANG_WARN_QUOTED_INCLUDE_IN_FRAMEWORK_HEADER = YES;
				CLANG_WARN_RANGE_LOOP_ANALYSIS = YES;
				CLANG_WARN_STRICT_PROTOTYPES = YES;
				CLANG_WARN_SUSPICIOUS_MOVE = YES;
				CLANG_WARN_UNGUARDED_AVAILABILITY = YES_AGGRESSIVE;
				CLANG_WARN_UNREACHABLE_CODE = YES;
				CLANG_WARN__DUPLICATE_METHOD_MATCH = YES;
				COPY_PHASE_STRIP = NO;
				DEBUG_INFORMATION_FORMAT = dwarf;
				ENABLE_STRICT_OBJC_MSGSEND = YES;
				ENABLE_TESTABILITY = YES;
				GCC_C_LANGUAGE_STANDARD = gnu11;
				GCC_DYNAMIC_NO_PIC = NO;
				GCC_NO_COMMON_BLOCKS = YES;
				GCC_OPTIMIZATION_LEVEL = 0;
				GCC_PREPROCESSOR_DEFINITIONS = (
					"DEBUG=1",
					"$(inherited)",
				);
				GCC_WARN_64_TO_32_BIT_CONVERSION = YES;
				GCC_WARN_ABOUT_RETURN_TYPE = YES_ERROR;
				GCC_WARN_UNDECLARED_SELECTOR = YES;
				GCC_WARN_UNINITIALIZED_AUTOS = YES_AGGRESSIVE;
				GCC_WARN_UNUSED_FUNCTION = YES;
				GCC_WARN_UNUSED_VARIABLE = YES;
				IPHONEOS_DEPLOYMENT_TARGET = 15.2;
				MTL_ENABLE_DEBUG_INFO = INCLUDE_SOURCE;
				MTL_FAST_MATH = YES;
				ONLY_ACTIVE_ARCH = YES;
				SDKROOT = iphoneos;
				SWIFT_ACTIVE_COMPILATION_CONDITIONS = DEBUG;
				SWIFT_OPTIMIZATION_LEVEL = "-Onone";
			};
			name = Debug;
		};
		377B6B69287896020008586B /* Release */ = {
			isa = XCBuildConfiguration;
			buildSettings = {
				ALWAYS_SEARCH_USER_PATHS = NO;
				CLANG_ANALYZER_NONNULL = YES;
				CLANG_ANALYZER_NUMBER_OBJECT_CONVERSION = YES_AGGRESSIVE;
				CLANG_CXX_LANGUAGE_STANDARD = "gnu++17";
				CLANG_CXX_LIBRARY = "libc++";
				CLANG_ENABLE_MODULES = YES;
				CLANG_ENABLE_OBJC_ARC = YES;
				CLANG_ENABLE_OBJC_WEAK = YES;
				CLANG_WARN_BLOCK_CAPTURE_AUTORELEASING = YES;
				CLANG_WARN_BOOL_CONVERSION = YES;
				CLANG_WARN_COMMA = YES;
				CLANG_WARN_CONSTANT_CONVERSION = YES;
				CLANG_WARN_DEPRECATED_OBJC_IMPLEMENTATIONS = YES;
				CLANG_WARN_DIRECT_OBJC_ISA_USAGE = YES_ERROR;
				CLANG_WARN_DOCUMENTATION_COMMENTS = YES;
				CLANG_WARN_EMPTY_BODY = YES;
				CLANG_WARN_ENUM_CONVERSION = YES;
				CLANG_WARN_INFINITE_RECURSION = YES;
				CLANG_WARN_INT_CONVERSION = YES;
				CLANG_WARN_NON_LITERAL_NULL_CONVERSION = YES;
				CLANG_WARN_OBJC_IMPLICIT_RETAIN_SELF = YES;
				CLANG_WARN_OBJC_LITERAL_CONVERSION = YES;
				CLANG_WARN_OBJC_ROOT_CLASS = YES_ERROR;
				CLANG_WARN_QUOTED_INCLUDE_IN_FRAMEWORK_HEADER = YES;
				CLANG_WARN_RANGE_LOOP_ANALYSIS = YES;
				CLANG_WARN_STRICT_PROTOTYPES = YES;
				CLANG_WARN_SUSPICIOUS_MOVE = YES;
				CLANG_WARN_UNGUARDED_AVAILABILITY = YES_AGGRESSIVE;
				CLANG_WARN_UNREACHABLE_CODE = YES;
				CLANG_WARN__DUPLICATE_METHOD_MATCH = YES;
				COPY_PHASE_STRIP = NO;
				DEBUG_INFORMATION_FORMAT = "dwarf-with-dsym";
				ENABLE_NS_ASSERTIONS = NO;
				ENABLE_STRICT_OBJC_MSGSEND = YES;
				GCC_C_LANGUAGE_STANDARD = gnu11;
				GCC_NO_COMMON_BLOCKS = YES;
				GCC_WARN_64_TO_32_BIT_CONVERSION = YES;
				GCC_WARN_ABOUT_RETURN_TYPE = YES_ERROR;
				GCC_WARN_UNDECLARED_SELECTOR = YES;
				GCC_WARN_UNINITIALIZED_AUTOS = YES_AGGRESSIVE;
				GCC_WARN_UNUSED_FUNCTION = YES;
				GCC_WARN_UNUSED_VARIABLE = YES;
				IPHONEOS_DEPLOYMENT_TARGET = 15.2;
				MTL_ENABLE_DEBUG_INFO = NO;
				MTL_FAST_MATH = YES;
				SDKROOT = iphoneos;
				SWIFT_COMPILATION_MODE = wholemodule;
				SWIFT_OPTIMIZATION_LEVEL = "-O";
				VALIDATE_PRODUCT = YES;
			};
			name = Release;
		};
		377B6B6B287896020008586B /* Debug */ = {
			isa = XCBuildConfiguration;
			buildSettings = {
				ALWAYS_EMBED_SWIFT_STANDARD_LIBRARIES = YES;
				ASSETCATALOG_COMPILER_APPICON_NAME = AppIcon;
				ASSETCATALOG_COMPILER_GLOBAL_ACCENT_COLOR_NAME = AccentColor;
				CODE_SIGN_STYLE = Automatic;
				CURRENT_PROJECT_VERSION = 1;
				DEVELOPMENT_TEAM = "";
				FRAMEWORK_SEARCH_PATHS = "$(inherited)";
				GENERATE_INFOPLIST_FILE = YES;
				HEADER_SEARCH_PATHS = "$(inherited)";
				INFOPLIST_FILE = Navigation_HW_1.3/Info.plist;
				INFOPLIST_KEY_UIApplicationSupportsIndirectInputEvents = YES;
				INFOPLIST_KEY_UILaunchStoryboardName = LaunchScreen;
				INFOPLIST_KEY_UISupportedInterfaceOrientations_iPad = "UIInterfaceOrientationPortrait UIInterfaceOrientationPortraitUpsideDown UIInterfaceOrientationLandscapeLeft UIInterfaceOrientationLandscapeRight";
				INFOPLIST_KEY_UISupportedInterfaceOrientations_iPhone = "UIInterfaceOrientationPortrait UIInterfaceOrientationLandscapeLeft UIInterfaceOrientationLandscapeRight";
				LD_RUNPATH_SEARCH_PATHS = (
					"$(inherited)",
					"@executable_path/Frameworks",
				);
				MARKETING_VERSION = 1.0;
				PRODUCT_BUNDLE_IDENTIFIER = "Shikhalev-Dmitry.Navigation-HW-1-3";
				PRODUCT_NAME = "$(TARGET_NAME)";
				SWIFT_EMIT_LOC_STRINGS = YES;
				SWIFT_VERSION = 5.0;
				TARGETED_DEVICE_FAMILY = "1,2";
				USE_HEADERMAP = YES;
			};
			name = Debug;
		};
		377B6B6C287896020008586B /* Release */ = {
			isa = XCBuildConfiguration;
			buildSettings = {
				ALWAYS_EMBED_SWIFT_STANDARD_LIBRARIES = YES;
				ASSETCATALOG_COMPILER_APPICON_NAME = AppIcon;
				ASSETCATALOG_COMPILER_GLOBAL_ACCENT_COLOR_NAME = AccentColor;
				CODE_SIGN_STYLE = Automatic;
				CURRENT_PROJECT_VERSION = 1;
				DEVELOPMENT_TEAM = "";
				FRAMEWORK_SEARCH_PATHS = "$(inherited)";
				GENERATE_INFOPLIST_FILE = YES;
				HEADER_SEARCH_PATHS = "$(inherited)";
				INFOPLIST_FILE = Navigation_HW_1.3/Info.plist;
				INFOPLIST_KEY_UIApplicationSupportsIndirectInputEvents = YES;
				INFOPLIST_KEY_UILaunchStoryboardName = LaunchScreen;
				INFOPLIST_KEY_UISupportedInterfaceOrientations_iPad = "UIInterfaceOrientationPortrait UIInterfaceOrientationPortraitUpsideDown UIInterfaceOrientationLandscapeLeft UIInterfaceOrientationLandscapeRight";
				INFOPLIST_KEY_UISupportedInterfaceOrientations_iPhone = "UIInterfaceOrientationPortrait UIInterfaceOrientationLandscapeLeft UIInterfaceOrientationLandscapeRight";
				LD_RUNPATH_SEARCH_PATHS = (
					"$(inherited)",
					"@executable_path/Frameworks",
				);
				MARKETING_VERSION = 1.0;
				PRODUCT_BUNDLE_IDENTIFIER = "Shikhalev-Dmitry.Navigation-HW-1-3";
				PRODUCT_NAME = "$(TARGET_NAME)";
				SWIFT_EMIT_LOC_STRINGS = YES;
				SWIFT_VERSION = 5.0;
				TARGETED_DEVICE_FAMILY = "1,2";
				USE_HEADERMAP = YES;
			};
			name = Release;
		};
		37D5020A28D18F0300EF5622 /* Debug */ = {
			isa = XCBuildConfiguration;
			buildSettings = {
				CLANG_ENABLE_MODULES = YES;
				CODE_SIGN_STYLE = Automatic;
				CURRENT_PROJECT_VERSION = 1;
				DEFINES_MODULE = YES;
				DEVELOPMENT_TEAM = "";
				DYLIB_COMPATIBILITY_VERSION = 1;
				DYLIB_CURRENT_VERSION = 1;
				DYLIB_INSTALL_NAME_BASE = "@rpath";
				GENERATE_INFOPLIST_FILE = YES;
				INFOPLIST_KEY_NSHumanReadableCopyright = "";
				INSTALL_PATH = "$(LOCAL_LIBRARY_DIR)/Frameworks";
				LD_RUNPATH_SEARCH_PATHS = (
					"$(inherited)",
					"@executable_path/Frameworks",
					"@loader_path/Frameworks",
				);
				MARKETING_VERSION = 1.0;
				PRODUCT_BUNDLE_IDENTIFIER = "Shikhalev-Dmitry.StorageService";
				PRODUCT_NAME = "$(TARGET_NAME:c99extidentifier)";
				SKIP_INSTALL = YES;
				SWIFT_EMIT_LOC_STRINGS = YES;
				SWIFT_OPTIMIZATION_LEVEL = "-Onone";
				SWIFT_VERSION = 5.0;
				TARGETED_DEVICE_FAMILY = "1,2";
				VERSIONING_SYSTEM = "apple-generic";
				VERSION_INFO_PREFIX = "";
			};
			name = Debug;
		};
		37D5020B28D18F0300EF5622 /* Release */ = {
			isa = XCBuildConfiguration;
			buildSettings = {
				CLANG_ENABLE_MODULES = YES;
				CODE_SIGN_STYLE = Automatic;
				CURRENT_PROJECT_VERSION = 1;
				DEFINES_MODULE = YES;
				DEVELOPMENT_TEAM = "";
				DYLIB_COMPATIBILITY_VERSION = 1;
				DYLIB_CURRENT_VERSION = 1;
				DYLIB_INSTALL_NAME_BASE = "@rpath";
				GENERATE_INFOPLIST_FILE = YES;
				INFOPLIST_KEY_NSHumanReadableCopyright = "";
				INSTALL_PATH = "$(LOCAL_LIBRARY_DIR)/Frameworks";
				LD_RUNPATH_SEARCH_PATHS = (
					"$(inherited)",
					"@executable_path/Frameworks",
					"@loader_path/Frameworks",
				);
				MARKETING_VERSION = 1.0;
				PRODUCT_BUNDLE_IDENTIFIER = "Shikhalev-Dmitry.StorageService";
				PRODUCT_NAME = "$(TARGET_NAME:c99extidentifier)";
				SKIP_INSTALL = YES;
				SWIFT_EMIT_LOC_STRINGS = YES;
				SWIFT_VERSION = 5.0;
				TARGETED_DEVICE_FAMILY = "1,2";
				VERSIONING_SYSTEM = "apple-generic";
				VERSION_INFO_PREFIX = "";
			};
			name = Release;
		};
/* End XCBuildConfiguration section */

/* Begin XCConfigurationList section */
		377B6B51287896010008586B /* Build configuration list for PBXProject "Navigation_HW_1.3" */ = {
			isa = XCConfigurationList;
			buildConfigurations = (
				377B6B68287896020008586B /* Debug */,
				377B6B69287896020008586B /* Release */,
			);
			defaultConfigurationIsVisible = 0;
			defaultConfigurationName = Release;
		};
		377B6B6A287896020008586B /* Build configuration list for PBXNativeTarget "Navigation_HW_1.3" */ = {
			isa = XCConfigurationList;
			buildConfigurations = (
				377B6B6B287896020008586B /* Debug */,
				377B6B6C287896020008586B /* Release */,
			);
			defaultConfigurationIsVisible = 0;
			defaultConfigurationName = Release;
		};
		37D5020928D18F0300EF5622 /* Build configuration list for PBXNativeTarget "StorageService" */ = {
			isa = XCConfigurationList;
			buildConfigurations = (
				37D5020A28D18F0300EF5622 /* Debug */,
				37D5020B28D18F0300EF5622 /* Release */,
			);
			defaultConfigurationIsVisible = 0;
			defaultConfigurationName = Release;
		};
/* End XCConfigurationList section */

/* Begin XCRemoteSwiftPackageReference section */
		371B008F292954FB00B5B275 /* XCRemoteSwiftPackageReference "realm-swift" */ = {
			isa = XCRemoteSwiftPackageReference;
			repositoryURL = "https://github.com/realm/realm-swift.git";
			requirement = {
				kind = upToNextMajorVersion;
				minimumVersion = 10.32.0;
			};
		};
		37DC3C0928E0D7F700366CC5 /* XCRemoteSwiftPackageReference "iOSIntPackage" */ = {
			isa = XCRemoteSwiftPackageReference;
			repositoryURL = "https://github.com/TrueMax/iOSIntPackage.git";
			requirement = {
				branch = imagepublisher;
				kind = branch;
			};
		};
		37F86856291F05CA00CEEECA /* XCRemoteSwiftPackageReference "firebase-ios-sdk" */ = {
			isa = XCRemoteSwiftPackageReference;
			repositoryURL = "https://github.com/firebase/firebase-ios-sdk";
			requirement = {
				branch = master;
				kind = branch;
			};
		};
/* End XCRemoteSwiftPackageReference section */

/* Begin XCSwiftPackageProductDependency section */
		371B0090292954FB00B5B275 /* RealmSwift */ = {
			isa = XCSwiftPackageProductDependency;
			package = 371B008F292954FB00B5B275 /* XCRemoteSwiftPackageReference "realm-swift" */;
			productName = RealmSwift;
		};
		37DC3C0A28E0D7F700366CC5 /* iOSIntPackage */ = {
			isa = XCSwiftPackageProductDependency;
			package = 37DC3C0928E0D7F700366CC5 /* XCRemoteSwiftPackageReference "iOSIntPackage" */;
			productName = iOSIntPackage;
		};
		37F86857291F05CA00CEEECA /* FirebaseAuth */ = {
			isa = XCSwiftPackageProductDependency;
			package = 37F86856291F05CA00CEEECA /* XCRemoteSwiftPackageReference "firebase-ios-sdk" */;
			productName = FirebaseAuth;
		};
		37F86859291F05CA00CEEECA /* FirebaseDatabase */ = {
			isa = XCSwiftPackageProductDependency;
			package = 37F86856291F05CA00CEEECA /* XCRemoteSwiftPackageReference "firebase-ios-sdk" */;
			productName = FirebaseDatabase;
		};
/* End XCSwiftPackageProductDependency section */
	};
	rootObject = 377B6B4E287896010008586B /* Project object */;
}
